
Microsoft Visual Studio Solution File, Format Version 12.00
# Visual Studio Version 16
VisualStudioVersion = 16.0.29201.188
MinimumVisualStudioVersion = 10.0.40219.1
Project("{FAE04EC0-301F-11D3-BF4B-00C04F79EFBC}") = "app6.0", "app6.0\app6.0.csproj", "{3E603A82-7DF7-4106-AC99-5C9A8000627E}"
EndProject
Global
	GlobalSection(SolutionConfigurationPlatforms) = preSolution
		Debug|Any CPU = Debug|Any CPU
		Release|Any CPU = Release|Any CPU
	EndGlobalSection
	GlobalSection(ProjectConfigurationPlatforms) = postSolution
		{3E603A82-7DF7-4106-AC99-5C9A8000627E}.Debug|Any CPU.ActiveCfg = Debug|Any CPU
		{3E603A82-7DF7-4106-AC99-5C9A8000627E}.Debug|Any CPU.Build.0 = Debug|Any CPU
		{3E603A82-7DF7-4106-AC99-5C9A8000627E}.Release|Any CPU.ActiveCfg = Release|Any CPU
		{3E603A82-7DF7-4106-AC99-5C9A8000627E}.Release|Any CPU.Build.0 = Release|Any CPU
	EndGlobalSection
	GlobalSection(SolutionProperties) = preSolution
		HideSolutionNode = FALSE
	EndGlobalSection
	GlobalSection(ExtensibilityGlobals) = postSolution
		SolutionGuid = {9E67B172-D028-4127-BE52-52F19E2536A8}
	EndGlobalSection
EndGlobal
