
Microsoft Visual Studio Solution File, Format Version 12.00
# Visual Studio Version 16
VisualStudioVersion = 16.0.31729.503
MinimumVisualStudioVersion = 10.0.40219.1
Project("{FAE04EC0-301F-11D3-BF4B-00C04F79EFBC}") = "app6.2", "app6.2\app6.2.csproj", "{79A18EFC-A1AB-4ACF-8525-5E633ED3D11D}"
EndProject
Global
	GlobalSection(SolutionConfigurationPlatforms) = preSolution
		Debug|Any CPU = Debug|Any CPU
		Release|Any CPU = Release|Any CPU
	EndGlobalSection
	GlobalSection(ProjectConfigurationPlatforms) = postSolution
		{79A18EFC-A1AB-4ACF-8525-5E633ED3D11D}.Debug|Any CPU.ActiveCfg = Debug|Any CPU
		{79A18EFC-A1AB-4ACF-8525-5E633ED3D11D}.Debug|Any CPU.Build.0 = Debug|Any CPU
		{79A18EFC-A1AB-4ACF-8525-5E633ED3D11D}.Release|Any CPU.ActiveCfg = Release|Any CPU
		{79A18EFC-A1AB-4ACF-8525-5E633ED3D11D}.Release|Any CPU.Build.0 = Release|Any CPU
	EndGlobalSection
	GlobalSection(SolutionProperties) = preSolution
		HideSolutionNode = FALSE
	EndGlobalSection
	GlobalSection(ExtensibilityGlobals) = postSolution
		SolutionGuid = {DC97A26B-B905-471D-934E-ACCC2B8E520B}
	EndGlobalSection
EndGlobal
