
Microsoft Visual Studio Solution File, Format Version 12.00
# Visual Studio Version 16
VisualStudioVersion = 16.0.31613.86
MinimumVisualStudioVersion = 10.0.40219.1
Project("{FAE04EC0-301F-11D3-BF4B-00C04F79EFBC}") = "app2.0", "app2.0\app2.0.csproj", "{0AEC05EF-1D28-47B4-A15E-CCDB3D55DEED}"
EndProject
Global
	GlobalSection(SolutionConfigurationPlatforms) = preSolution
		Debug|Any CPU = Debug|Any CPU
		Release|Any CPU = Release|Any CPU
	EndGlobalSection
	GlobalSection(ProjectConfigurationPlatforms) = postSolution
		{0AEC05EF-1D28-47B4-A15E-CCDB3D55DEED}.Debug|Any CPU.ActiveCfg = Debug|Any CPU
		{0AEC05EF-1D28-47B4-A15E-CCDB3D55DEED}.Debug|Any CPU.Build.0 = Debug|Any CPU
		{0AEC05EF-1D28-47B4-A15E-CCDB3D55DEED}.Release|Any CPU.ActiveCfg = Release|Any CPU
		{0AEC05EF-1D28-47B4-A15E-CCDB3D55DEED}.Release|Any CPU.Build.0 = Release|Any CPU
	EndGlobalSection
	GlobalSection(SolutionProperties) = preSolution
		HideSolutionNode = FALSE
	EndGlobalSection
	GlobalSection(ExtensibilityGlobals) = postSolution
		SolutionGuid = {87333ED3-8986-484A-8804-E933838E4509}
	EndGlobalSection
EndGlobal
