
Microsoft Visual Studio Solution File, Format Version 12.00
# Visual Studio Version 16
VisualStudioVersion = 16.0.31729.503
MinimumVisualStudioVersion = 10.0.40219.1
Project("{FAE04EC0-301F-11D3-BF4B-00C04F79EFBC}") = "app7.3", "app7.3\app7.3.csproj", "{0E1269F3-0643-48BF-B8C4-ED3DBFF8EF45}"
EndProject
Global
	GlobalSection(SolutionConfigurationPlatforms) = preSolution
		Debug|Any CPU = Debug|Any CPU
		Release|Any CPU = Release|Any CPU
	EndGlobalSection
	GlobalSection(ProjectConfigurationPlatforms) = postSolution
		{0E1269F3-0643-48BF-B8C4-ED3DBFF8EF45}.Debug|Any CPU.ActiveCfg = Debug|Any CPU
		{0E1269F3-0643-48BF-B8C4-ED3DBFF8EF45}.Debug|Any CPU.Build.0 = Debug|Any CPU
		{0E1269F3-0643-48BF-B8C4-ED3DBFF8EF45}.Release|Any CPU.ActiveCfg = Release|Any CPU
		{0E1269F3-0643-48BF-B8C4-ED3DBFF8EF45}.Release|Any CPU.Build.0 = Release|Any CPU
	EndGlobalSection
	GlobalSection(SolutionProperties) = preSolution
		HideSolutionNode = FALSE
	EndGlobalSection
	GlobalSection(ExtensibilityGlobals) = postSolution
		SolutionGuid = {07928FCC-9A4C-4743-B645-C1D54F875D71}
	EndGlobalSection
EndGlobal
