
Microsoft Visual Studio Solution File, Format Version 12.00
# Visual Studio Version 16
VisualStudioVersion = 16.0.31613.86
MinimumVisualStudioVersion = 10.0.40219.1
Project("{FAE04EC0-301F-11D3-BF4B-00C04F79EFBC}") = "app4.0", "app4.0\app4.0.csproj", "{16155B4B-DF3F-472B-AA4D-B03A8D6158D2}"
EndProject
Global
	GlobalSection(SolutionConfigurationPlatforms) = preSolution
		Debug|Any CPU = Debug|Any CPU
		Release|Any CPU = Release|Any CPU
	EndGlobalSection
	GlobalSection(ProjectConfigurationPlatforms) = postSolution
		{16155B4B-DF3F-472B-AA4D-B03A8D6158D2}.Debug|Any CPU.ActiveCfg = Debug|Any CPU
		{16155B4B-DF3F-472B-AA4D-B03A8D6158D2}.Debug|Any CPU.Build.0 = Debug|Any CPU
		{16155B4B-DF3F-472B-AA4D-B03A8D6158D2}.Release|Any CPU.ActiveCfg = Release|Any CPU
		{16155B4B-DF3F-472B-AA4D-B03A8D6158D2}.Release|Any CPU.Build.0 = Release|Any CPU
	EndGlobalSection
	GlobalSection(SolutionProperties) = preSolution
		HideSolutionNode = FALSE
	EndGlobalSection
	GlobalSection(ExtensibilityGlobals) = postSolution
		SolutionGuid = {9515D673-82DE-4B98-9A31-905BABC6B82B}
	EndGlobalSection
EndGlobal
